
Microsoft Visual Studio Solution File, Format Version 12.00
# Visual Studio Version 17
VisualStudioVersion = 17.6.33829.357
MinimumVisualStudioVersion = 10.0.40219.1
Project("{FAE04EC0-301F-11D3-BF4B-00C04F79EFBC}") = "InterfacesExample_erik", "InterfacesExample_erik\InterfacesExample_erik.csproj", "{71F07692-616D-447A-A327-9010E20B89E8}"
EndProject
Global
	GlobalSection(SolutionConfigurationPlatforms) = preSolution
		Debug|Any CPU = Debug|Any CPU
		Release|Any CPU = Release|Any CPU
	EndGlobalSection
	GlobalSection(ProjectConfigurationPlatforms) = postSolution
		{71F07692-616D-447A-A327-9010E20B89E8}.Debug|Any CPU.ActiveCfg = Debug|Any CPU
		{71F07692-616D-447A-A327-9010E20B89E8}.Debug|Any CPU.Build.0 = Debug|Any CPU
		{71F07692-616D-447A-A327-9010E20B89E8}.Release|Any CPU.ActiveCfg = Release|Any CPU
		{71F07692-616D-447A-A327-9010E20B89E8}.Release|Any CPU.Build.0 = Release|Any CPU
	EndGlobalSection
	GlobalSection(SolutionProperties) = preSolution
		HideSolutionNode = FALSE
	EndGlobalSection
	GlobalSection(ExtensibilityGlobals) = postSolution
		SolutionGuid = {F63FDF46-CB30-40E7-ABDE-1614F43F8F01}
	EndGlobalSection
EndGlobal
